// !$*UTF8*$!
{
	archiveVersion = 1;
	classes = {
	};
	objectVersion = 48;
	objects = {

/* Begin PBXBuildFile section */
		ABD2F3CE2027F2C30053F0C9 /* AppDelegate.swift in Sources */ = {isa = PBXBuildFile; fileRef = ABD2F3CD2027F2C30053F0C9 /* AppDelegate.swift */; };
		ABD2F3D02027F2C30053F0C9 /* ViewController.swift in Sources */ = {isa = PBXBuildFile; fileRef = ABD2F3CF2027F2C30053F0C9 /* ViewController.swift */; };
		ABD2F3D32027F2C30053F0C9 /* Main.storyboard in Resources */ = {isa = PBXBuildFile; fileRef = ABD2F3D12027F2C30053F0C9 /* Main.storyboard */; };
		ABD2F3D52027F2C30053F0C9 /* Assets.xcassets in Resources */ = {isa = PBXBuildFile; fileRef = ABD2F3D42027F2C30053F0C9 /* Assets.xcassets */; };
		ABD2F3D82027F2C30053F0C9 /* LaunchScreen.storyboard in Resources */ = {isa = PBXBuildFile; fileRef = ABD2F3D62027F2C30053F0C9 /* LaunchScreen.storyboard */; };
		ABD2F3E32027F2C30053F0C9 /* MedinaAppTests.swift in Sources */ = {isa = PBXBuildFile; fileRef = ABD2F3E22027F2C30053F0C9 /* MedinaAppTests.swift */; };
		ABD2F3EE2027F2C30053F0C9 /* MedinaAppUITests.swift in Sources */ = {isa = PBXBuildFile; fileRef = ABD2F3ED2027F2C30053F0C9 /* MedinaAppUITests.swift */; };
/* End PBXBuildFile section */

/* Begin PBXContainerItemProxy section */
		ABD2F3DF2027F2C30053F0C9 /* PBXContainerItemProxy */ = {
			isa = PBXContainerItemProxy;
			containerPortal = ABD2F3C22027F2C30053F0C9 /* Project object */;
			proxyType = 1;
			remoteGlobalIDString = ABD2F3C92027F2C30053F0C9;
			remoteInfo = MedinaApp;
		};
		ABD2F3EA2027F2C30053F0C9 /* PBXContainerItemProxy */ = {
			isa = PBXContainerItemProxy;
			containerPortal = ABD2F3C22027F2C30053F0C9 /* Project object */;
			proxyType = 1;
			remoteGlobalIDString = ABD2F3C92027F2C30053F0C9;
			remoteInfo = MedinaApp;
		};
/* End PBXContainerItemProxy section */

/* Begin PBXFileReference section */
		ABD2F3CA2027F2C30053F0C9 /* MedinaApp.app */ = {isa = PBXFileReference; explicitFileType = wrapper.application; includeInIndex = 0; path = MedinaApp.app; sourceTree = BUILT_PRODUCTS_DIR; };
		ABD2F3CD2027F2C30053F0C9 /* AppDelegate.swift */ = {isa = PBXFileReference; lastKnownFileType = sourcecode.swift; path = AppDelegate.swift; sourceTree = "<group>"; };
		ABD2F3CF2027F2C30053F0C9 /* ViewController.swift */ = {isa = PBXFileReference; lastKnownFileType = sourcecode.swift; path = ViewController.swift; sourceTree = "<group>"; };
		ABD2F3D22027F2C30053F0C9 /* Base */ = {isa = PBXFileReference; lastKnownFileType = file.storyboard; name = Base; path = Base.lproj/Main.storyboard; sourceTree = "<group>"; };
		ABD2F3D42027F2C30053F0C9 /* Assets.xcassets */ = {isa = PBXFileReference; lastKnownFileType = folder.assetcatalog; path = Assets.xcassets; sourceTree = "<group>"; };
		ABD2F3D72027F2C30053F0C9 /* Base */ = {isa = PBXFileReference; lastKnownFileType = file.storyboard; name = Base; path = Base.lproj/LaunchScreen.storyboard; sourceTree = "<group>"; };
		ABD2F3D92027F2C30053F0C9 /* Info.plist */ = {isa = PBXFileReference; lastKnownFileType = text.plist.xml; path = Info.plist; sourceTree = "<group>"; };
		ABD2F3DE2027F2C30053F0C9 /* MedinaAppTests.xctest */ = {isa = PBXFileReference; explicitFileType = wrapper.cfbundle; includeInIndex = 0; path = MedinaAppTests.xctest; sourceTree = BUILT_PRODUCTS_DIR; };
		ABD2F3E22027F2C30053F0C9 /* MedinaAppTests.swift */ = {isa = PBXFileReference; lastKnownFileType = sourcecode.swift; path = MedinaAppTests.swift; sourceTree = "<group>"; };
		ABD2F3E42027F2C30053F0C9 /* Info.plist */ = {isa = PBXFileReference; lastKnownFileType = text.plist.xml; path = Info.plist; sourceTree = "<group>"; };
		ABD2F3E92027F2C30053F0C9 /* MedinaAppUITests.xctest */ = {isa = PBXFileReference; explicitFileType = wrapper.cfbundle; includeInIndex = 0; path = MedinaAppUITests.xctest; sourceTree = BUILT_PRODUCTS_DIR; };
		ABD2F3ED2027F2C30053F0C9 /* MedinaAppUITests.swift */ = {isa = PBXFileReference; lastKnownFileType = sourcecode.swift; path = MedinaAppUITests.swift; sourceTree = "<group>"; };
		ABD2F3EF2027F2C30053F0C9 /* Info.plist */ = {isa = PBXFileReference; lastKnownFileType = text.plist.xml; path = Info.plist; sourceTree = "<group>"; };
/* End PBXFileReference section */

/* Begin PBXFrameworksBuildPhase section */
		ABD2F3C72027F2C30053F0C9 /* Frameworks */ = {
			isa = PBXFrameworksBuildPhase;
			buildActionMask = 2147483647;
			files = (
			);
			runOnlyForDeploymentPostprocessing = 0;
		};
		ABD2F3DB2027F2C30053F0C9 /* Frameworks */ = {
			isa = PBXFrameworksBuildPhase;
			buildActionMask = 2147483647;
			files = (
			);
			runOnlyForDeploymentPostprocessing = 0;
		};
		ABD2F3E62027F2C30053F0C9 /* Frameworks */ = {
			isa = PBXFrameworksBuildPhase;
			buildActionMask = 2147483647;
			files = (
			);
			runOnlyForDeploymentPostprocessing = 0;
		};
/* End PBXFrameworksBuildPhase section */

/* Begin PBXGroup section */
		ABD2F3C12027F2C30053F0C9 = {
			isa = PBXGroup;
			children = (
				ABD2F3CC2027F2C30053F0C9 /* MedinaApp */,
				ABD2F3E12027F2C30053F0C9 /* MedinaAppTests */,
				ABD2F3EC2027F2C30053F0C9 /* MedinaAppUITests */,
				ABD2F3CB2027F2C30053F0C9 /* Products */,
			);
			sourceTree = "<group>";
		};
		ABD2F3CB2027F2C30053F0C9 /* Products */ = {
			isa = PBXGroup;
			children = (
				ABD2F3CA2027F2C30053F0C9 /* MedinaApp.app */,
				ABD2F3DE2027F2C30053F0C9 /* MedinaAppTests.xctest */,
				ABD2F3E92027F2C30053F0C9 /* MedinaAppUITests.xctest */,
			);
			name = Products;
			sourceTree = "<group>";
		};
		ABD2F3CC2027F2C30053F0C9 /* MedinaApp */ = {
			isa = PBXGroup;
			children = (
				ABD2F3CD2027F2C30053F0C9 /* AppDelegate.swift */,
				ABD2F3CF2027F2C30053F0C9 /* ViewController.swift */,
				ABD2F3D12027F2C30053F0C9 /* Main.storyboard */,
				ABD2F3D42027F2C30053F0C9 /* Assets.xcassets */,
				ABD2F3D62027F2C30053F0C9 /* LaunchScreen.storyboard */,
				ABD2F3D92027F2C30053F0C9 /* Info.plist */,
			);
			path = MedinaApp;
			sourceTree = "<group>";
		};
		ABD2F3E12027F2C30053F0C9 /* MedinaAppTests */ = {
			isa = PBXGroup;
			children = (
				ABD2F3E22027F2C30053F0C9 /* MedinaAppTests.swift */,
				ABD2F3E42027F2C30053F0C9 /* Info.plist */,
			);
			path = MedinaAppTests;
			sourceTree = "<group>";
		};
		ABD2F3EC2027F2C30053F0C9 /* MedinaAppUITests */ = {
			isa = PBXGroup;
			children = (
				ABD2F3ED2027F2C30053F0C9 /* MedinaAppUITests.swift */,
				ABD2F3EF2027F2C30053F0C9 /* Info.plist */,
			);
			path = MedinaAppUITests;
			sourceTree = "<group>";
		};
/* End PBXGroup section */

/* Begin PBXNativeTarget section */
		ABD2F3C92027F2C30053F0C9 /* MedinaApp */ = {
			isa = PBXNativeTarget;
			buildConfigurationList = ABD2F3F22027F2C30053F0C9 /* Build configuration list for PBXNativeTarget "MedinaApp" */;
			buildPhases = (
				ABD2F3C62027F2C30053F0C9 /* Sources */,
				ABD2F3C72027F2C30053F0C9 /* Frameworks */,
				ABD2F3C82027F2C30053F0C9 /* Resources */,
			);
			buildRules = (
			);
			dependencies = (
			);
			name = MedinaApp;
			productName = MedinaApp;
			productReference = ABD2F3CA2027F2C30053F0C9 /* MedinaApp.app */;
			productType = "com.apple.product-type.application";
		};
		ABD2F3DD2027F2C30053F0C9 /* MedinaAppTests */ = {
			isa = PBXNativeTarget;
			buildConfigurationList = ABD2F3F52027F2C30053F0C9 /* Build configuration list for PBXNativeTarget "MedinaAppTests" */;
			buildPhases = (
				ABD2F3DA2027F2C30053F0C9 /* Sources */,
				ABD2F3DB2027F2C30053F0C9 /* Frameworks */,
				ABD2F3DC2027F2C30053F0C9 /* Resources */,
			);
			buildRules = (
			);
			dependencies = (
				ABD2F3E02027F2C30053F0C9 /* PBXTargetDependency */,
			);
			name = MedinaAppTests;
			productName = MedinaAppTests;
			productReference = ABD2F3DE2027F2C30053F0C9 /* MedinaAppTests.xctest */;
			productType = "com.apple.product-type.bundle.unit-test";
		};
		ABD2F3E82027F2C30053F0C9 /* MedinaAppUITests */ = {
			isa = PBXNativeTarget;
			buildConfigurationList = ABD2F3F82027F2C30053F0C9 /* Build configuration list for PBXNativeTarget "MedinaAppUITests" */;
			buildPhases = (
				ABD2F3E52027F2C30053F0C9 /* Sources */,
				ABD2F3E62027F2C30053F0C9 /* Frameworks */,
				ABD2F3E72027F2C30053F0C9 /* Resources */,
			);
			buildRules = (
			);
			dependencies = (
				ABD2F3EB2027F2C30053F0C9 /* PBXTargetDependency */,
			);
			name = MedinaAppUITests;
			productName = MedinaAppUITests;
			productReference = ABD2F3E92027F2C30053F0C9 /* MedinaAppUITests.xctest */;
			productType = "com.apple.product-type.bundle.ui-testing";
		};
/* End PBXNativeTarget section */

/* Begin PBXProject section */
		ABD2F3C22027F2C30053F0C9 /* Project object */ = {
			isa = PBXProject;
			attributes = {
				LastSwiftUpdateCheck = 0920;
				LastUpgradeCheck = 0920;
				ORGANIZATIONNAME = "Abdullah Aloufi";
				TargetAttributes = {
					ABD2F3C92027F2C30053F0C9 = {
						CreatedOnToolsVersion = 9.2;
						ProvisioningStyle = Automatic;
					};
					ABD2F3DD2027F2C30053F0C9 = {
						CreatedOnToolsVersion = 9.2;
						ProvisioningStyle = Automatic;
						TestTargetID = ABD2F3C92027F2C30053F0C9;
					};
					ABD2F3E82027F2C30053F0C9 = {
						CreatedOnToolsVersion = 9.2;
						ProvisioningStyle = Automatic;
						TestTargetID = ABD2F3C92027F2C30053F0C9;
					};
				};
			};
			buildConfigurationList = ABD2F3C52027F2C30053F0C9 /* Build configuration list for PBXProject "MedinaApp" */;
			compatibilityVersion = "Xcode 8.0";
			developmentRegion = en;
			hasScannedForEncodings = 0;
			knownRegions = (
				en,
				Base,
			);
			mainGroup = ABD2F3C12027F2C30053F0C9;
			productRefGroup = ABD2F3CB2027F2C30053F0C9 /* Products */;
			projectDirPath = "";
			projectRoot = "";
			targets = (
				ABD2F3C92027F2C30053F0C9 /* MedinaApp */,
				ABD2F3DD2027F2C30053F0C9 /* MedinaAppTests */,
				ABD2F3E82027F2C30053F0C9 /* MedinaAppUITests */,
			);
		};
/* End PBXProject section */

/* Begin PBXResourcesBuildPhase section */
		ABD2F3C82027F2C30053F0C9 /* Resources */ = {
			isa = PBXResourcesBuildPhase;
			buildActionMask = 2147483647;
			files = (
				ABD2F3D82027F2C30053F0C9 /* LaunchScreen.storyboard in Resources */,
				ABD2F3D52027F2C30053F0C9 /* Assets.xcassets in Resources */,
				ABD2F3D32027F2C30053F0C9 /* Main.storyboard in Resources */,
			);
			runOnlyForDeploymentPostprocessing = 0;
		};
		ABD2F3DC2027F2C30053F0C9 /* Resources */ = {
			isa = PBXResourcesBuildPhase;
			buildActionMask = 2147483647;
			files = (
			);
			runOnlyForDeploymentPostprocessing = 0;
		};
		ABD2F3E72027F2C30053F0C9 /* Resources */ = {
			isa = PBXResourcesBuildPhase;
			buildActionMask = 2147483647;
			files = (
			);
			runOnlyForDeploymentPostprocessing = 0;
		};
/* End PBXResourcesBuildPhase section */

/* Begin PBXSourcesBuildPhase section */
		ABD2F3C62027F2C30053F0C9 /* Sources */ = {
			isa = PBXSourcesBuildPhase;
			buildActionMask = 2147483647;
			files = (
				ABD2F3D02027F2C30053F0C9 /* ViewController.swift in Sources */,
				ABD2F3CE2027F2C30053F0C9 /* AppDelegate.swift in Sources */,
			);
			runOnlyForDeploymentPostprocessing = 0;
		};
		ABD2F3DA2027F2C30053F0C9 /* Sources */ = {
			isa = PBXSourcesBuildPhase;
			buildActionMask = 2147483647;
			files = (
				ABD2F3E32027F2C30053F0C9 /* MedinaAppTests.swift in Sources */,
			);
			runOnlyForDeploymentPostprocessing = 0;
		};
		ABD2F3E52027F2C30053F0C9 /* Sources */ = {
			isa = PBXSourcesBuildPhase;
			buildActionMask = 2147483647;
			files = (
				ABD2F3EE2027F2C30053F0C9 /* MedinaAppUITests.swift in Sources */,
			);
			runOnlyForDeploymentPostprocessing = 0;
		};
/* End PBXSourcesBuildPhase section */

/* Begin PBXTargetDependency section */
		ABD2F3E02027F2C30053F0C9 /* PBXTargetDependency */ = {
			isa = PBXTargetDependency;
			target = ABD2F3C92027F2C30053F0C9 /* MedinaApp */;
			targetProxy = ABD2F3DF2027F2C30053F0C9 /* PBXContainerItemProxy */;
		};
		ABD2F3EB2027F2C30053F0C9 /* PBXTargetDependency */ = {
			isa = PBXTargetDependency;
			target = ABD2F3C92027F2C30053F0C9 /* MedinaApp */;
			targetProxy = ABD2F3EA2027F2C30053F0C9 /* PBXContainerItemProxy */;
		};
/* End PBXTargetDependency section */

/* Begin PBXVariantGroup section */
		ABD2F3D12027F2C30053F0C9 /* Main.storyboard */ = {
			isa = PBXVariantGroup;
			children = (
				ABD2F3D22027F2C30053F0C9 /* Base */,
			);
			name = Main.storyboard;
			sourceTree = "<group>";
		};
		ABD2F3D62027F2C30053F0C9 /* LaunchScreen.storyboard */ = {
			isa = PBXVariantGroup;
			children = (
				ABD2F3D72027F2C30053F0C9 /* Base */,
			);
			name = LaunchScreen.storyboard;
			sourceTree = "<group>";
		};
/* End PBXVariantGroup section */

/* Begin XCBuildConfiguration section */
		ABD2F3F02027F2C30053F0C9 /* Debug */ = {
			isa = XCBuildConfiguration;
			buildSettings = {
				ALWAYS_SEARCH_USER_PATHS = NO;
				CLANG_ANALYZER_NONNULL = YES;
				CLANG_ANALYZER_NUMBER_OBJECT_CONVERSION = YES_AGGRESSIVE;
				CLANG_CXX_LANGUAGE_STANDARD = "gnu++14";
				CLANG_CXX_LIBRARY = "libc++";
				CLANG_ENABLE_MODULES = YES;
				CLANG_ENABLE_OBJC_ARC = YES;
				CLANG_WARN_BLOCK_CAPTURE_AUTORELEASING = YES;
				CLANG_WARN_BOOL_CONVERSION = YES;
				CLANG_WARN_COMMA = YES;
				CLANG_WARN_CONSTANT_CONVERSION = YES;
				CLANG_WARN_DIRECT_OBJC_ISA_USAGE = YES_ERROR;
				CLANG_WARN_DOCUMENTATION_COMMENTS = YES;
				CLANG_WARN_EMPTY_BODY = YES;
				CLANG_WARN_ENUM_CONVERSION = YES;
				CLANG_WARN_INFINITE_RECURSION = YES;
				CLANG_WARN_INT_CONVERSION = YES;
				CLANG_WARN_NON_LITERAL_NULL_CONVERSION = YES;
				CLANG_WARN_OBJC_LITERAL_CONVERSION = YES;
				CLANG_WARN_OBJC_ROOT_CLASS = YES_ERROR;
				CLANG_WARN_RANGE_LOOP_ANALYSIS = YES;
				CLANG_WARN_STRICT_PROTOTYPES = YES;
				CLANG_WARN_SUSPICIOUS_MOVE = YES;
				CLANG_WARN_UNGUARDED_AVAILABILITY = YES_AGGRESSIVE;
				CLANG_WARN_UNREACHABLE_CODE = YES;
				CLANG_WARN__DUPLICATE_METHOD_MATCH = YES;
				CODE_SIGN_IDENTITY = "iPhone Developer";
				COPY_PHASE_STRIP = NO;
				DEBUG_INFORMATION_FORMAT = dwarf;
				ENABLE_STRICT_OBJC_MSGSEND = YES;
				ENABLE_TESTABILITY = YES;
				GCC_C_LANGUAGE_STANDARD = gnu11;
				GCC_DYNAMIC_NO_PIC = NO;
				GCC_NO_COMMON_BLOCKS = YES;
				GCC_OPTIMIZATION_LEVEL = 0;
				GCC_PREPROCESSOR_DEFINITIONS = (
					"DEBUG=1",
					"$(inherited)",
				);
				GCC_WARN_64_TO_32_BIT_CONVERSION = YES;
				GCC_WARN_ABOUT_RETURN_TYPE = YES_ERROR;
				GCC_WARN_UNDECLARED_SELECTOR = YES;
				GCC_WARN_UNINITIALIZED_AUTOS = YES_AGGRESSIVE;
				GCC_WARN_UNUSED_FUNCTION = YES;
				GCC_WARN_UNUSED_VARIABLE = YES;
				IPHONEOS_DEPLOYMENT_TARGET = 11.2;
				MTL_ENABLE_DEBUG_INFO = YES;
				ONLY_ACTIVE_ARCH = YES;
				SDKROOT = iphoneos;
				SWIFT_ACTIVE_COMPILATION_CONDITIONS = DEBUG;
				SWIFT_OPTIMIZATION_LEVEL = "-Onone";
			};
			name = Debug;
		};
		ABD2F3F12027F2C30053F0C9 /* Release */ = {
			isa = XCBuildConfiguration;
			buildSettings = {
				ALWAYS_SEARCH_USER_PATHS = NO;
				CLANG_ANALYZER_NONNULL = YES;
				CLANG_ANALYZER_NUMBER_OBJECT_CONVERSION = YES_AGGRESSIVE;
				CLANG_CXX_LANGUAGE_STANDARD = "gnu++14";
				CLANG_CXX_LIBRARY = "libc++";
				CLANG_ENABLE_MODULES = YES;
				CLANG_ENABLE_OBJC_ARC = YES;
				CLANG_WARN_BLOCK_CAPTURE_AUTORELEASING = YES;
				CLANG_WARN_BOOL_CONVERSION = YES;
				CLANG_WARN_COMMA = YES;
				CLANG_WARN_CONSTANT_CONVERSION = YES;
				CLANG_WARN_DIRECT_OBJC_ISA_USAGE = YES_ERROR;
				CLANG_WARN_DOCUMENTATION_COMMENTS = YES;
				CLANG_WARN_EMPTY_BODY = YES;
				CLANG_WARN_ENUM_CONVERSION = YES;
				CLANG_WARN_INFINITE_RECURSION = YES;
				CLANG_WARN_INT_CONVERSION = YES;
				CLANG_WARN_NON_LITERAL_NULL_CONVERSION = YES;
				CLANG_WARN_OBJC_LITERAL_CONVERSION = YES;
				CLANG_WARN_OBJC_ROOT_CLASS = YES_ERROR;
				CLANG_WARN_RANGE_LOOP_ANALYSIS = YES;
				CLANG_WARN_STRICT_PROTOTYPES = YES;
				CLANG_WARN_SUSPICIOUS_MOVE = YES;
				CLANG_WARN_UNGUARDED_AVAILABILITY = YES_AGGRESSIVE;
				CLANG_WARN_UNREACHABLE_CODE = YES;
				CLANG_WARN__DUPLICATE_METHOD_MATCH = YES;
				CODE_SIGN_IDENTITY = "iPhone Developer";
				COPY_PHASE_STRIP = NO;
				DEBUG_INFORMATION_FORMAT = "dwarf-with-dsym";
				ENABLE_NS_ASSERTIONS = NO;
				ENABLE_STRICT_OBJC_MSGSEND = YES;
				GCC_C_LANGUAGE_STANDARD = gnu11;
				GCC_NO_COMMON_BLOCKS = YES;
				GCC_WARN_64_TO_32_BIT_CONVERSION = YES;
				GCC_WARN_ABOUT_RETURN_TYPE = YES_ERROR;
				GCC_WARN_UNDECLARED_SELECTOR = YES;
				GCC_WARN_UNINITIALIZED_AUTOS = YES_AGGRESSIVE;
				GCC_WARN_UNUSED_FUNCTION = YES;
				GCC_WARN_UNUSED_VARIABLE = YES;
				IPHONEOS_DEPLOYMENT_TARGET = 11.2;
				MTL_ENABLE_DEBUG_INFO = NO;
				SDKROOT = iphoneos;
				SWIFT_OPTIMIZATION_LEVEL = "-Owholemodule";
				VALIDATE_PRODUCT = YES;
			};
			name = Release;
		};
		ABD2F3F32027F2C30053F0C9 /* Debug */ = {
			isa = XCBuildConfiguration;
			buildSettings = {
				ASSETCATALOG_COMPILER_APPICON_NAME = AppIcon;
				CODE_SIGN_STYLE = Automatic;
				DEVELOPMENT_TEAM = VWLYYTGU5Y;
				INFOPLIST_FILE = MedinaApp/Info.plist;
				LD_RUNPATH_SEARCH_PATHS = "$(inherited) @executable_path/Frameworks";
				PRODUCT_BUNDLE_IDENTIFIER = com.Abdullah.MedinaApp;
				PRODUCT_NAME = "$(TARGET_NAME)";
				SWIFT_VERSION = 4.0;
				TARGETED_DEVICE_FAMILY = "1,2";
			};
			name = Debug;
		};
		ABD2F3F42027F2C30053F0C9 /* Release */ = {
			isa = XCBuildConfiguration;
			buildSettings = {
				ASSETCATALOG_COMPILER_APPICON_NAME = AppIcon;
				CODE_SIGN_STYLE = Automatic;
				DEVELOPMENT_TEAM = VWLYYTGU5Y;
				INFOPLIST_FILE = MedinaApp/Info.plist;
				LD_RUNPATH_SEARCH_PATHS = "$(inherited) @executable_path/Frameworks";
				PRODUCT_BUNDLE_IDENTIFIER = com.Abdullah.MedinaApp;
				PRODUCT_NAME = "$(TARGET_NAME)";
				SWIFT_VERSION = 4.0;
				TARGETED_DEVICE_FAMILY = "1,2";
			};
			name = Release;
		};
		ABD2F3F62027F2C30053F0C9 /* Debug */ = {
			isa = XCBuildConfiguration;
			buildSettings = {
				ALWAYS_EMBED_SWIFT_STANDARD_LIBRARIES = YES;
				BUNDLE_LOADER = "$(TEST_HOST)";
				CODE_SIGN_STYLE = Automatic;
				DEVELOPMENT_TEAM = VWLYYTGU5Y;
				INFOPLIST_FILE = MedinaAppTests/Info.plist;
				LD_RUNPATH_SEARCH_PATHS = "$(inherited) @executable_path/Frameworks @loader_path/Frameworks";
				PRODUCT_BUNDLE_IDENTIFIER = com.Abdullah.MedinaAppTests;
				PRODUCT_NAME = "$(TARGET_NAME)";
				SWIFT_VERSION = 4.0;
				TARGETED_DEVICE_FAMILY = "1,2";
				TEST_HOST = "$(BUILT_PRODUCTS_DIR)/MedinaApp.app/MedinaApp";
			};
			name = Debug;
		};
		ABD2F3F72027F2C30053F0C9 /* Release */ = {
			isa = XCBuildConfiguration;
			buildSettings = {
				ALWAYS_EMBED_SWIFT_STANDARD_LIBRARIES = YES;
				BUNDLE_LOADER = "$(TEST_HOST)";
				CODE_SIGN_STYLE = Automatic;
				DEVELOPMENT_TEAM = VWLYYTGU5Y;
				INFOPLIST_FILE = MedinaAppTests/Info.plist;
				LD_RUNPATH_SEARCH_PATHS = "$(inherited) @executable_path/Frameworks @loader_path/Frameworks";
				PRODUCT_BUNDLE_IDENTIFIER = com.Abdullah.MedinaAppTests;
				PRODUCT_NAME = "$(TARGET_NAME)";
				SWIFT_VERSION = 4.0;
				TARGETED_DEVICE_FAMILY = "1,2";
				TEST_HOST = "$(BUILT_PRODUCTS_DIR)/MedinaApp.app/MedinaApp";
			};
			name = Release;
		};
		ABD2F3F92027F2C30053F0C9 /* Debug */ = {
			isa = XCBuildConfiguration;
			buildSettings = {
				ALWAYS_EMBED_SWIFT_STANDARD_LIBRARIES = YES;
				CODE_SIGN_STYLE = Automatic;
				DEVELOPMENT_TEAM = VWLYYTGU5Y;
				INFOPLIST_FILE = MedinaAppUITests/Info.plist;
				LD_RUNPATH_SEARCH_PATHS = "$(inherited) @executable_path/Frameworks @loader_path/Frameworks";
				PRODUCT_BUNDLE_IDENTIFIER = com.Abdullah.MedinaAppUITests;
				PRODUCT_NAME = "$(TARGET_NAME)";
				SWIFT_VERSION = 4.0;
				TARGETED_DEVICE_FAMILY = "1,2";
				TEST_TARGET_NAME = MedinaApp;
			};
			name = Debug;
		};
		ABD2F3FA2027F2C30053F0C9 /* Release */ = {
			isa = XCBuildConfiguration;
			buildSettings = {
				ALWAYS_EMBED_SWIFT_STANDARD_LIBRARIES = YES;
				CODE_SIGN_STYLE = Automatic;
				DEVELOPMENT_TEAM = VWLYYTGU5Y;
				INFOPLIST_FILE = MedinaAppUITests/Info.plist;
				LD_RUNPATH_SEARCH_PATHS = "$(inherited) @executable_path/Frameworks @loader_path/Frameworks";
				PRODUCT_BUNDLE_IDENTIFIER = com.Abdullah.MedinaAppUITests;
				PRODUCT_NAME = "$(TARGET_NAME)";
				SWIFT_VERSION = 4.0;
				TARGETED_DEVICE_FAMILY = "1,2";
				TEST_TARGET_NAME = MedinaApp;
			};
			name = Release;
		};
/* End XCBuildConfiguration section */

/* Begin XCConfigurationList section */
		ABD2F3C52027F2C30053F0C9 /* Build configuration list for PBXProject "MedinaApp" */ = {
			isa = XCConfigurationList;
			buildConfigurations = (
				ABD2F3F02027F2C30053F0C9 /* Debug */,
				ABD2F3F12027F2C30053F0C9 /* Release */,
			);
			defaultConfigurationIsVisible = 0;
			defaultConfigurationName = Release;
		};
		ABD2F3F22027F2C30053F0C9 /* Build configuration list for PBXNativeTarget "MedinaApp" */ = {
			isa = XCConfigurationList;
			buildConfigurations = (
				ABD2F3F32027F2C30053F0C9 /* Debug */,
				ABD2F3F42027F2C30053F0C9 /* Release */,
			);
			defaultConfigurationIsVisible = 0;
			defaultConfigurationName = Release;
		};
		ABD2F3F52027F2C30053F0C9 /* Build configuration list for PBXNativeTarget "MedinaAppTests" */ = {
			isa = XCConfigurationList;
			buildConfigurations = (
				ABD2F3F62027F2C30053F0C9 /* Debug */,
				ABD2F3F72027F2C30053F0C9 /* Release */,
			);
			defaultConfigurationIsVisible = 0;
			defaultConfigurationName = Release;
		};
		ABD2F3F82027F2C30053F0C9 /* Build configuration list for PBXNativeTarget "MedinaAppUITests" */ = {
			isa = XCConfigurationList;
			buildConfigurations = (
				ABD2F3F92027F2C30053F0C9 /* Debug */,
				ABD2F3FA2027F2C30053F0C9 /* Release */,
			);
			defaultConfigurationIsVisible = 0;
			defaultConfigurationName = Release;
		};
/* End XCConfigurationList section */
	};
	rootObject = ABD2F3C22027F2C30053F0C9 /* Project object */;
}
